
Microsoft Visual Studio Solution File, Format Version 12.00
# Visual Studio Version 16
VisualStudioVersion = 16.0.31205.134
MinimumVisualStudioVersion = 10.0.40219.1
Project("{FAE04EC0-301F-11D3-BF4B-00C04F79EFBC}") = "Bot", "Bot\Bot.csproj", "{0C7549A0-78FA-4EFE-8FB8-229DB11E27EA}"
EndProject
Project("{FAE04EC0-301F-11D3-BF4B-00C04F79EFBC}") = "TestGround", "TestGround\TestGround.csproj", "{06499EB6-9093-4305-92AF-9C8C3229848D}"
EndProject
Global
	GlobalSection(SolutionConfigurationPlatforms) = preSolution
		Debug|Any CPU = Debug|Any CPU
		Release|Any CPU = Release|Any CPU
	EndGlobalSection
	GlobalSection(ProjectConfigurationPlatforms) = postSolution
		{0C7549A0-78FA-4EFE-8FB8-229DB11E27EA}.Debug|Any CPU.ActiveCfg = Debug|Any CPU
		{0C7549A0-78FA-4EFE-8FB8-229DB11E27EA}.Debug|Any CPU.Build.0 = Debug|Any CPU
		{0C7549A0-78FA-4EFE-8FB8-229DB11E27EA}.Release|Any CPU.ActiveCfg = Release|Any CPU
		{0C7549A0-78FA-4EFE-8FB8-229DB11E27EA}.Release|Any CPU.Build.0 = Release|Any CPU
		{06499EB6-9093-4305-92AF-9C8C3229848D}.Debug|Any CPU.ActiveCfg = Debug|Any CPU
		{06499EB6-9093-4305-92AF-9C8C3229848D}.Debug|Any CPU.Build.0 = Debug|Any CPU
		{06499EB6-9093-4305-92AF-9C8C3229848D}.Release|Any CPU.ActiveCfg = Release|Any CPU
		{06499EB6-9093-4305-92AF-9C8C3229848D}.Release|Any CPU.Build.0 = Release|Any CPU
	EndGlobalSection
	GlobalSection(SolutionProperties) = preSolution
		HideSolutionNode = FALSE
	EndGlobalSection
	GlobalSection(ExtensibilityGlobals) = postSolution
		SolutionGuid = {07C7DADE-F026-4861-8F3A-C4E44A8E36F1}
	EndGlobalSection
EndGlobal
